{
  "nodes": {
    "flake-utils": {
      "inputs": {
        "systems": "systems"
      },
      "locked": {
        "lastModified": 1710146030,
        "narHash": "sha256-SZ5L6eA7HJ/nmkzGG7/ISclqe6oZdOZTNoesiInkXPQ=",
        "owner": "numtide",
        "repo": "flake-utils",
        "rev": "b1d9ab70662946ef0850d488da1c9019f3a9752a",
        "type": "github"
      },
      "original": {
        "owner": "numtide",
        "repo": "flake-utils",
        "type": "github"
      }
    },
    "home-manager": {
      "inputs": {
        "nixpkgs": [
          "nixpkgs"
        ]
      },
      "locked": {
        "lastModified": 1708988456,
        "narHash": "sha256-RCz7Xe64tN2zgWk+MVHkzg224znwqknJ1RnB7rVqUWw=",
        "owner": "nix-community",
        "repo": "home-manager",
        "rev": "1d085ea4444d26aa52297758b333b449b2aa6fca",
        "type": "github"
      },
      "original": {
        "owner": "nix-community",
        "repo": "home-manager",
        "type": "github"
      }
    },
    "nix-autobahn": {
      "inputs": {
        "flake-utils": [
          "flake-utils"
        ],
        "nixpkgs": [
          "nixpkgs"
        ]
      },
      "locked": {
        "lastModified": 1650132562,
        "narHash": "sha256-h51KOeqabmr6Ug7Cj8mO/EyMo/0wiTb5R364ovh2dp0=",
        "owner": "Lassulus",
        "repo": "nix-autobahn",
        "rev": "9122088c5d58ca86b26ee4eda9ce6745f2c9555e",
        "type": "github"
      },
      "original": {
        "owner": "Lassulus",
        "repo": "nix-autobahn",
        "type": "github"
      }
    },
    "nixpkgs": {
      "locked": {
        "lastModified": 1716137900,
        "narHash": "sha256-sowPU+tLQv8GlqtVtsXioTKeaQvlMz/pefcdwg8MvfM=",
        "owner": "NixOS",
        "repo": "nixpkgs",
        "rev": "6c0b7a92c30122196a761b440ac0d46d3d9954f1",
        "type": "github"
      },
      "original": {
        "owner": "NixOS",
        "ref": "nixos-unstable",
        "repo": "nixpkgs",
        "type": "github"
      }
    },
    "nixpkgs-stable": {
      "locked": {
        "lastModified": 1716218643,
        "narHash": "sha256-i/E7gzQybvcGAYDRGDl39WL6yVk30Je/NXypBz6/nmM=",
        "owner": "NixOS",
        "repo": "nixpkgs",
        "rev": "a8695cbd09a7ecf3376bd62c798b9864d20f86ee",
        "type": "github"
      },
      "original": {
        "owner": "NixOS",
        "ref": "nixos-23.11",
        "repo": "nixpkgs",
        "type": "github"
      }
    },
    "nixpkgs-stable_2": {
      "locked": {
        "lastModified": 1710033658,
        "narHash": "sha256-yiZiVKP5Ya813iYLho2+CcFuuHpaqKc/CoxOlANKcqM=",
        "owner": "NixOS",
        "repo": "nixpkgs",
        "rev": "b17375d3bb7c79ffc52f3538028b2ec06eb79ef8",
        "type": "github"
      },
      "original": {
        "owner": "NixOS",
        "ref": "release-23.11",
        "repo": "nixpkgs",
        "type": "github"
      }
    },
    "root": {
      "inputs": {
        "flake-utils": "flake-utils",
        "home-manager": "home-manager",
        "nix-autobahn": "nix-autobahn",
        "nixpkgs": "nixpkgs",
        "nixpkgs-stable": "nixpkgs-stable",
        "rust-overlay": "rust-overlay",
        "sops-nix": "sops-nix"
      }
    },
    "rust-overlay": {
      "inputs": {
        "nixpkgs": [
          "nixpkgs"
        ]
      },
      "locked": {
        "lastModified": 1719973106,
        "narHash": "sha256-IGCdN/m7DfwUfxZjFnlTiTtpwSHCb01P/LWavAKD2jw=",
        "owner": "oxalica",
        "repo": "rust-overlay",
        "rev": "fb733500aead50880b9b301f34a0061bf997d6f2",
        "type": "github"
      },
      "original": {
        "owner": "oxalica",
        "repo": "rust-overlay",
        "type": "github"
      }
    },
    "sops-nix": {
      "inputs": {
        "nixpkgs": [
          "nixpkgs"
        ],
        "nixpkgs-stable": "nixpkgs-stable_2"
      },
      "locked": {
        "lastModified": 1710039806,
        "narHash": "sha256-vC2fo/phnetp6ub/nRv6mgAi5LbhJ6ujGQWrRD2VgNs=",
        "owner": "Mic92",
        "repo": "sops-nix",
        "rev": "f8d5c8baa83fe620a28c0db633be9db3e34474b4",
        "type": "github"
      },
      "original": {
        "owner": "Mic92",
        "repo": "sops-nix",
        "type": "github"
      }
    },
    "systems": {
      "locked": {
        "lastModified": 1681028828,
        "narHash": "sha256-Vy1rq5AaRuLzOxct8nz4T6wlgyUR7zLU309k9mBC768=",
        "owner": "nix-systems",
        "repo": "default",
        "rev": "da67096a3b9bf56a91d16901293e51ba5b49a27e",
        "type": "github"
      },
      "original": {
        "owner": "nix-systems",
        "repo": "default",
        "type": "github"
      }
    }
  },
  "root": "root",
  "version": 7
}
